
Microsoft Visual Studio Solution File, Format Version 12.00
# Visual Studio Version 17
VisualStudioVersion = 17.4.33403.182
MinimumVisualStudioVersion = 10.0.40219.1
Project("{F184B08F-C81C-45F6-A57F-5ABD9991F28F}") = "APPLICATIONGESTIONETUDIANTS", "APPLICATIONGESTIONETUDIANTS.vbproj", "{F5DC8D5F-159D-4D43-B02D-B775B4575825}"
EndProject
Global
	GlobalSection(SolutionConfigurationPlatforms) = preSolution
		Debug|Any CPU = Debug|Any CPU
		Release|Any CPU = Release|Any CPU
	EndGlobalSection
	GlobalSection(ProjectConfigurationPlatforms) = postSolution
		{F5DC8D5F-159D-4D43-B02D-B775B4575825}.Debug|Any CPU.ActiveCfg = Debug|Any CPU
		{F5DC8D5F-159D-4D43-B02D-B775B4575825}.Debug|Any CPU.Build.0 = Debug|Any CPU
		{F5DC8D5F-159D-4D43-B02D-B775B4575825}.Release|Any CPU.ActiveCfg = Release|Any CPU
		{F5DC8D5F-159D-4D43-B02D-B775B4575825}.Release|Any CPU.Build.0 = Release|Any CPU
	EndGlobalSection
	GlobalSection(SolutionProperties) = preSolution
		HideSolutionNode = FALSE
	EndGlobalSection
	GlobalSection(ExtensibilityGlobals) = postSolution
		SolutionGuid = {E1976C06-1AFE-4F4F-80AF-A9EC4329CCF5}
	EndGlobalSection
EndGlobal
